
Microsoft Visual Studio Solution File, Format Version 12.00
# Visual Studio Version 17
VisualStudioVersion = 17.11.35431.28
MinimumVisualStudioVersion = 10.0.40219.1
Project("{FAE04EC0-301F-11D3-BF4B-00C04F79EFBC}") = "LR10", "LR10\LR10.csproj", "{EB89BF32-A6C6-41B3-96C1-C4AB677E8DB9}"
EndProject
Project("{FAE04EC0-301F-11D3-BF4B-00C04F79EFBC}") = "GraphLibraryTests", "GraphLibraryTests\GraphLibraryTests.csproj", "{84E58E4A-F069-414C-BFE7-87A353FEB5A9}"
EndProject
Global
	GlobalSection(SolutionConfigurationPlatforms) = preSolution
		Debug|Any CPU = Debug|Any CPU
		Release|Any CPU = Release|Any CPU
	EndGlobalSection
	GlobalSection(ProjectConfigurationPlatforms) = postSolution
		{EB89BF32-A6C6-41B3-96C1-C4AB677E8DB9}.Debug|Any CPU.ActiveCfg = Debug|Any CPU
		{EB89BF32-A6C6-41B3-96C1-C4AB677E8DB9}.Debug|Any CPU.Build.0 = Debug|Any CPU
		{EB89BF32-A6C6-41B3-96C1-C4AB677E8DB9}.Release|Any CPU.ActiveCfg = Release|Any CPU
		{EB89BF32-A6C6-41B3-96C1-C4AB677E8DB9}.Release|Any CPU.Build.0 = Release|Any CPU
		{84E58E4A-F069-414C-BFE7-87A353FEB5A9}.Debug|Any CPU.ActiveCfg = Debug|Any CPU
		{84E58E4A-F069-414C-BFE7-87A353FEB5A9}.Debug|Any CPU.Build.0 = Debug|Any CPU
		{84E58E4A-F069-414C-BFE7-87A353FEB5A9}.Release|Any CPU.ActiveCfg = Release|Any CPU
		{84E58E4A-F069-414C-BFE7-87A353FEB5A9}.Release|Any CPU.Build.0 = Release|Any CPU
	EndGlobalSection
	GlobalSection(SolutionProperties) = preSolution
		HideSolutionNode = FALSE
	EndGlobalSection
	GlobalSection(ExtensibilityGlobals) = postSolution
		SolutionGuid = {9CF6201A-00AA-431E-AC7D-A6217A64AAE8}
	EndGlobalSection
EndGlobal
