
Microsoft Visual Studio Solution File, Format Version 12.00
# Visual Studio Version 17
VisualStudioVersion = 17.11.35431.28
MinimumVisualStudioVersion = 10.0.40219.1
Project("{FAE04EC0-301F-11D3-BF4B-00C04F79EFBC}") = "LR11", "LR11\LR11.csproj", "{503B03E6-01C7-41FE-8E77-581969A048EB}"
EndProject
Project("{FAE04EC0-301F-11D3-BF4B-00C04F79EFBC}") = "LR11Tests", "LR11Tests\LR11Tests.csproj", "{65CF0503-DDCC-4227-B7BF-4EE6482825D3}"
EndProject
Global
	GlobalSection(SolutionConfigurationPlatforms) = preSolution
		Debug|Any CPU = Debug|Any CPU
		Release|Any CPU = Release|Any CPU
	EndGlobalSection
	GlobalSection(ProjectConfigurationPlatforms) = postSolution
		{503B03E6-01C7-41FE-8E77-581969A048EB}.Debug|Any CPU.ActiveCfg = Debug|Any CPU
		{503B03E6-01C7-41FE-8E77-581969A048EB}.Debug|Any CPU.Build.0 = Debug|Any CPU
		{503B03E6-01C7-41FE-8E77-581969A048EB}.Release|Any CPU.ActiveCfg = Release|Any CPU
		{503B03E6-01C7-41FE-8E77-581969A048EB}.Release|Any CPU.Build.0 = Release|Any CPU
		{65CF0503-DDCC-4227-B7BF-4EE6482825D3}.Debug|Any CPU.ActiveCfg = Debug|Any CPU
		{65CF0503-DDCC-4227-B7BF-4EE6482825D3}.Debug|Any CPU.Build.0 = Debug|Any CPU
		{65CF0503-DDCC-4227-B7BF-4EE6482825D3}.Release|Any CPU.ActiveCfg = Release|Any CPU
		{65CF0503-DDCC-4227-B7BF-4EE6482825D3}.Release|Any CPU.Build.0 = Release|Any CPU
	EndGlobalSection
	GlobalSection(SolutionProperties) = preSolution
		HideSolutionNode = FALSE
	EndGlobalSection
	GlobalSection(ExtensibilityGlobals) = postSolution
		SolutionGuid = {5FBDBAD7-3267-412F-ACF7-254883F2535E}
	EndGlobalSection
EndGlobal
