
Microsoft Visual Studio Solution File, Format Version 12.00
# Visual Studio Version 17
VisualStudioVersion = 17.11.35431.28
MinimumVisualStudioVersion = 10.0.40219.1
Project("{FAE04EC0-301F-11D3-BF4B-00C04F79EFBC}") = "LR7", "LR7\LR7.csproj", "{7E038103-64D7-48E1-8A3B-3A9CEEE90B4F}"
EndProject
Project("{FAE04EC0-301F-11D3-BF4B-00C04F79EFBC}") = "CustomSetLibraryTests", "CustomSetLibraryTests\CustomSetLibraryTests.csproj", "{192D3D0C-F109-4EB5-8A1F-B513B6839BA8}"
EndProject
Global
	GlobalSection(SolutionConfigurationPlatforms) = preSolution
		Debug|Any CPU = Debug|Any CPU
		Release|Any CPU = Release|Any CPU
	EndGlobalSection
	GlobalSection(ProjectConfigurationPlatforms) = postSolution
		{7E038103-64D7-48E1-8A3B-3A9CEEE90B4F}.Debug|Any CPU.ActiveCfg = Debug|Any CPU
		{7E038103-64D7-48E1-8A3B-3A9CEEE90B4F}.Debug|Any CPU.Build.0 = Debug|Any CPU
		{7E038103-64D7-48E1-8A3B-3A9CEEE90B4F}.Release|Any CPU.ActiveCfg = Release|Any CPU
		{7E038103-64D7-48E1-8A3B-3A9CEEE90B4F}.Release|Any CPU.Build.0 = Release|Any CPU
		{192D3D0C-F109-4EB5-8A1F-B513B6839BA8}.Debug|Any CPU.ActiveCfg = Debug|Any CPU
		{192D3D0C-F109-4EB5-8A1F-B513B6839BA8}.Debug|Any CPU.Build.0 = Debug|Any CPU
		{192D3D0C-F109-4EB5-8A1F-B513B6839BA8}.Release|Any CPU.ActiveCfg = Release|Any CPU
		{192D3D0C-F109-4EB5-8A1F-B513B6839BA8}.Release|Any CPU.Build.0 = Release|Any CPU
	EndGlobalSection
	GlobalSection(SolutionProperties) = preSolution
		HideSolutionNode = FALSE
	EndGlobalSection
	GlobalSection(ExtensibilityGlobals) = postSolution
		SolutionGuid = {D88686B7-E1B2-4BCC-B2DD-2AF2292AFC33}
	EndGlobalSection
EndGlobal
