
Microsoft Visual Studio Solution File, Format Version 12.00
# Visual Studio Version 17
VisualStudioVersion = 17.11.35431.28
MinimumVisualStudioVersion = 10.0.40219.1
Project("{FAE04EC0-301F-11D3-BF4B-00C04F79EFBC}") = "LR4", "LR4\LR4.csproj", "{B79DA716-C90C-4117-B574-4D71B9959686}"
EndProject
Project("{FAE04EC0-301F-11D3-BF4B-00C04F79EFBC}") = "LR4_Tests", "LR4_Tests\LR4_Tests.csproj", "{73A4B327-7E5F-4718-9B30-91AFC1994C1A}"
EndProject
Global
	GlobalSection(SolutionConfigurationPlatforms) = preSolution
		Debug|Any CPU = Debug|Any CPU
		Release|Any CPU = Release|Any CPU
	EndGlobalSection
	GlobalSection(ProjectConfigurationPlatforms) = postSolution
		{B79DA716-C90C-4117-B574-4D71B9959686}.Debug|Any CPU.ActiveCfg = Debug|Any CPU
		{B79DA716-C90C-4117-B574-4D71B9959686}.Debug|Any CPU.Build.0 = Debug|Any CPU
		{B79DA716-C90C-4117-B574-4D71B9959686}.Release|Any CPU.ActiveCfg = Release|Any CPU
		{B79DA716-C90C-4117-B574-4D71B9959686}.Release|Any CPU.Build.0 = Release|Any CPU
		{73A4B327-7E5F-4718-9B30-91AFC1994C1A}.Debug|Any CPU.ActiveCfg = Debug|Any CPU
		{73A4B327-7E5F-4718-9B30-91AFC1994C1A}.Debug|Any CPU.Build.0 = Debug|Any CPU
		{73A4B327-7E5F-4718-9B30-91AFC1994C1A}.Release|Any CPU.ActiveCfg = Release|Any CPU
		{73A4B327-7E5F-4718-9B30-91AFC1994C1A}.Release|Any CPU.Build.0 = Release|Any CPU
	EndGlobalSection
	GlobalSection(SolutionProperties) = preSolution
		HideSolutionNode = FALSE
	EndGlobalSection
	GlobalSection(ExtensibilityGlobals) = postSolution
		SolutionGuid = {D7FC6501-BCEB-40E1-A991-28C7577B53EA}
	EndGlobalSection
EndGlobal
