
Microsoft Visual Studio Solution File, Format Version 12.00
# Visual Studio Version 17
VisualStudioVersion = 17.11.35431.28
MinimumVisualStudioVersion = 10.0.40219.1
Project("{FAE04EC0-301F-11D3-BF4B-00C04F79EFBC}") = "LR3Test", "LR3Test\LR3Test.csproj", "{7A343F47-2CFE-4C5B-A1C8-EAD7077B4179}"
EndProject
Global
	GlobalSection(SolutionConfigurationPlatforms) = preSolution
		Debug|Any CPU = Debug|Any CPU
		Release|Any CPU = Release|Any CPU
	EndGlobalSection
	GlobalSection(ProjectConfigurationPlatforms) = postSolution
		{7A343F47-2CFE-4C5B-A1C8-EAD7077B4179}.Debug|Any CPU.ActiveCfg = Debug|Any CPU
		{7A343F47-2CFE-4C5B-A1C8-EAD7077B4179}.Debug|Any CPU.Build.0 = Debug|Any CPU
		{7A343F47-2CFE-4C5B-A1C8-EAD7077B4179}.Release|Any CPU.ActiveCfg = Release|Any CPU
		{7A343F47-2CFE-4C5B-A1C8-EAD7077B4179}.Release|Any CPU.Build.0 = Release|Any CPU
	EndGlobalSection
	GlobalSection(SolutionProperties) = preSolution
		HideSolutionNode = FALSE
	EndGlobalSection
	GlobalSection(ExtensibilityGlobals) = postSolution
		SolutionGuid = {D67FBCEA-B31E-41AC-9BEA-32E305035C36}
	EndGlobalSection
EndGlobal
